{
  "name": "maparea",
  "version": "0.3.6",
  "lockfileVersion": 3,
  "requires": true,
  "packages": {
    "": {
      "name": "maparea",
      "version": "0.3.6",
      "license": "MIT",
      "dependencies": {
        "dragpan": "^0.1.2"
      }
    },
    "node_modules/dragpan": {
      "version": "0.1.2",
      "resolved": "https://registry.npmjs.org/dragpan/-/dragpan-0.1.2.tgz",
      "integrity": "sha512-9+QD0Nto6k4JYMu61GOxtZkA3HmmtQaO7FswG//lpe7xMrBQiFiF8cfp7IjLvkyrUvC5sryBowBqd/uT8l97Kg==",
      "license": "MIT"
    }
  }
}
